
Microsoft Visual Studio Solution File, Format Version 12.00
# Visual Studio Version 17
VisualStudioVersion = 17.3.32611.2
MinimumVisualStudioVersion = 10.0.40219.1
Project("{9A19103F-16F7-4668-BE54-9A1E7A4F7556}") = "HashPuzzle", "HashPuzzle\HashPuzzle.csproj", "{742DAC11-BA8E-4FE9-9187-03EF87C9C8D7}"
EndProject
Project("{9A19103F-16F7-4668-BE54-9A1E7A4F7556}") = "Tests", "Tests\Tests.csproj", "{49303C75-62B1-4D8F-8EB4-D1C7167FCDC3}"
EndProject
Global
	GlobalSection(SolutionConfigurationPlatforms) = preSolution
		Debug|Any CPU = Debug|Any CPU
		Release|Any CPU = Release|Any CPU
	EndGlobalSection
	GlobalSection(ProjectConfigurationPlatforms) = postSolution
		{742DAC11-BA8E-4FE9-9187-03EF87C9C8D7}.Debug|Any CPU.ActiveCfg = Debug|Any CPU
		{742DAC11-BA8E-4FE9-9187-03EF87C9C8D7}.Debug|Any CPU.Build.0 = Debug|Any CPU
		{742DAC11-BA8E-4FE9-9187-03EF87C9C8D7}.Release|Any CPU.ActiveCfg = Release|Any CPU
		{742DAC11-BA8E-4FE9-9187-03EF87C9C8D7}.Release|Any CPU.Build.0 = Release|Any CPU
		{49303C75-62B1-4D8F-8EB4-D1C7167FCDC3}.Debug|Any CPU.ActiveCfg = Debug|Any CPU
		{49303C75-62B1-4D8F-8EB4-D1C7167FCDC3}.Debug|Any CPU.Build.0 = Debug|Any CPU
		{49303C75-62B1-4D8F-8EB4-D1C7167FCDC3}.Release|Any CPU.ActiveCfg = Release|Any CPU
		{49303C75-62B1-4D8F-8EB4-D1C7167FCDC3}.Release|Any CPU.Build.0 = Release|Any CPU
	EndGlobalSection
	GlobalSection(SolutionProperties) = preSolution
		HideSolutionNode = FALSE
	EndGlobalSection
	GlobalSection(ExtensibilityGlobals) = postSolution
		SolutionGuid = {37A1E264-67A2-4FD5-A70D-B4C702FADF0E}
	EndGlobalSection
EndGlobal
